
Microsoft Visual Studio Solution File, Format Version 12.00
# Visual Studio Version 17
VisualStudioVersion = 17.0.31903.59
MinimumVisualStudioVersion = 10.0.40219.1
Project("{2150E333-8FDC-42A3-9474-1A3956D46DE8}") = "SolutionFiles", "SolutionFiles", "{3D1F3229-6080-44F7-BE89-F2F83A275080}"
	ProjectSection(SolutionItems) = preProject
		.dockerignore = .dockerignore
		.gitignore = .gitignore
		LICENSE = LICENSE
		README.md = README.md
		Directory.Build.props = Directory.Build.props
		icon.png = icon.png
	EndProjectSection
EndProject
Project("{FAE04EC0-301F-11D3-BF4B-00C04F79EFBC}") = "Frank.GameEngine.Assets", "src\Frank.GameEngine.Assets\Frank.GameEngine.Assets.csproj", "{4D50FA7A-B250-4C84-BB15-9E8D2BA40932}"
EndProject
Project("{FAE04EC0-301F-11D3-BF4B-00C04F79EFBC}") = "Frank.GameEngine.Core", "src\Frank.GameEngine.Core\Frank.GameEngine.Core.csproj", "{3550D009-D493-4E8C-81AD-5AB3D886D9A8}"
EndProject
Project("{FAE04EC0-301F-11D3-BF4B-00C04F79EFBC}") = "Frank.GameEngine.Input", "src\Frank.GameEngine.Input\Frank.GameEngine.Input.csproj", "{0C1BA117-4062-46C8-B657-BA4A49DBE863}"
EndProject
Project("{FAE04EC0-301F-11D3-BF4B-00C04F79EFBC}") = "Frank.GameEngine.Physics", "src\Frank.GameEngine.Physics\Frank.GameEngine.Physics.csproj", "{E4202ECF-C6CE-485D-802D-5ABB9A652F03}"
EndProject
Project("{FAE04EC0-301F-11D3-BF4B-00C04F79EFBC}") = "Frank.GameEngine.Primitives", "src\Frank.GameEngine.Primitives\Frank.GameEngine.Primitives.csproj", "{6B793605-B164-480A-829F-DC7CD1C613BD}"
EndProject
Project("{FAE04EC0-301F-11D3-BF4B-00C04F79EFBC}") = "Frank.GameEngine.Rendering", "src\Frank.GameEngine.Rendering\Frank.GameEngine.Rendering.csproj", "{A81B8CDE-B04A-4A1F-8938-DEA3E7633F26}"
EndProject
Project("{FAE04EC0-301F-11D3-BF4B-00C04F79EFBC}") = "Frank.GameEngine.Rendering.MonoGame", "src\Frank.GameEngine.Rendering.MonoGame\Frank.GameEngine.Rendering.MonoGame.csproj", "{C2314668-ECFD-4AE2-8784-68B091DCC97F}"
EndProject
Project("{FAE04EC0-301F-11D3-BF4B-00C04F79EFBC}") = "Frank.GameEngine.Tests", "tests\Frank.GameEngine.Tests\Frank.GameEngine.Tests.csproj", "{911CB182-7F85-4029-B562-98B3E8D74142}"
EndProject
Project("{FAE04EC0-301F-11D3-BF4B-00C04F79EFBC}") = "Frank.GameEngine.Tests.Application", "tests\Frank.GameEngine.Tests.Application\Frank.GameEngine.Tests.Application.csproj", "{3BD65062-6075-4E9F-B9CC-9CCD4B42DBA6}"
EndProject
Project("{FAE04EC0-301F-11D3-BF4B-00C04F79EFBC}") = "Frank.GameEngine.Tests.Benchmarks", "tests\Frank.GameEngine.Tests.Benchmarks\Frank.GameEngine.Tests.Benchmarks.csproj", "{7C0C0B98-583C-48A4-A065-4644CFF70051}"
EndProject
Project("{FAE04EC0-301F-11D3-BF4B-00C04F79EFBC}") = "Frank.GameEngine.Samples.Pong", "samples\Frank.GameEngine.Samples.Pong\Frank.GameEngine.Samples.Pong.csproj", "{50DE555A-B7AB-4DAF-9A41-AA83DF753A2E}"
EndProject
Project("{FAE04EC0-301F-11D3-BF4B-00C04F79EFBC}") = "Frank.GameEngine.Audio", "src\Frank.GameEngine.Audio\Frank.GameEngine.Audio.csproj", "{A715DF20-B4FE-466F-A3DA-815E801BBC29}"
EndProject
Project("{FAE04EC0-301F-11D3-BF4B-00C04F79EFBC}") = "Frank.GameEngine.Generators.AssetsGenerator", "tools\Frank.GameEngine.Generators.AssetsGenerator\Frank.GameEngine.Generators.AssetsGenerator.csproj", "{57E80E77-4083-499D-B1BA-129980C4180E}"
EndProject
Project("{FAE04EC0-301F-11D3-BF4B-00C04F79EFBC}") = "Frank.GameEngine.Rendering.RayLib", "src\Frank.GameEngine.Rendering.RayLib\Frank.GameEngine.Rendering.RayLib.csproj", "{EDBA52B6-B6A9-4AFE-8538-C3A906B29EC6}"
EndProject
Project("{FAE04EC0-301F-11D3-BF4B-00C04F79EFBC}") = "Frank.GameEngine.Samples.BouncingBall", "samples\Frank.GameEngine.Samples.BouncingBall\Frank.GameEngine.Samples.BouncingBall.csproj", "{9853A7CF-B2D6-4528-BD7D-051E58177BFB}"
EndProject
Project("{FAE04EC0-301F-11D3-BF4B-00C04F79EFBC}") = "Frank.GameEngine.Samples.Battleship", "samples\Frank.GameEngine.Samples.Battleship\Frank.GameEngine.Samples.Battleship.csproj", "{566C8B98-12D1-45F4-B706-1DB2D7E5E400}"
EndProject
Project("{2150E333-8FDC-42A3-9474-1A3956D46DE8}") = "Samples", "Samples", "{8C8E95E2-E96E-4336-BB8A-A5605580E75F}"
	ProjectSection(SolutionItems) = preProject
		samples\Directory.Build.props = samples\Directory.Build.props
	EndProjectSection
EndProject
Global
	GlobalSection(SolutionConfigurationPlatforms) = preSolution
		Debug|Any CPU = Debug|Any CPU
		Release|Any CPU = Release|Any CPU
	EndGlobalSection
	GlobalSection(ProjectConfigurationPlatforms) = postSolution
		# {343CA372-D72C-4ABD-B186-E68FE6D19A66}.Debug|Any CPU.ActiveCfg = Debug|Any CPU
		# {343CA372-D72C-4ABD-B186-E68FE6D19A66}.Debug|Any CPU.Build.0 = Debug|Any CPU
		{4D50FA7A-B250-4C84-BB15-9E8D2BA40932}.Debug|Any CPU.ActiveCfg = Debug|Any CPU
		{4D50FA7A-B250-4C84-BB15-9E8D2BA40932}.Debug|Any CPU.Build.0 = Debug|Any CPU
		{4D50FA7A-B250-4C84-BB15-9E8D2BA40932}.Release|Any CPU.ActiveCfg = Release|Any CPU
		{4D50FA7A-B250-4C84-BB15-9E8D2BA40932}.Release|Any CPU.Build.0 = Release|Any CPU
		{3550D009-D493-4E8C-81AD-5AB3D886D9A8}.Debug|Any CPU.ActiveCfg = Debug|Any CPU
		{3550D009-D493-4E8C-81AD-5AB3D886D9A8}.Debug|Any CPU.Build.0 = Debug|Any CPU
		{3550D009-D493-4E8C-81AD-5AB3D886D9A8}.Release|Any CPU.ActiveCfg = Release|Any CPU
		{3550D009-D493-4E8C-81AD-5AB3D886D9A8}.Release|Any CPU.Build.0 = Release|Any CPU
		{0C1BA117-4062-46C8-B657-BA4A49DBE863}.Debug|Any CPU.ActiveCfg = Debug|Any CPU
		{0C1BA117-4062-46C8-B657-BA4A49DBE863}.Debug|Any CPU.Build.0 = Debug|Any CPU
		{0C1BA117-4062-46C8-B657-BA4A49DBE863}.Release|Any CPU.ActiveCfg = Release|Any CPU
		{0C1BA117-4062-46C8-B657-BA4A49DBE863}.Release|Any CPU.Build.0 = Release|Any CPU
		{E4202ECF-C6CE-485D-802D-5ABB9A652F03}.Debug|Any CPU.ActiveCfg = Debug|Any CPU
		{E4202ECF-C6CE-485D-802D-5ABB9A652F03}.Debug|Any CPU.Build.0 = Debug|Any CPU
		{E4202ECF-C6CE-485D-802D-5ABB9A652F03}.Release|Any CPU.ActiveCfg = Release|Any CPU
		{E4202ECF-C6CE-485D-802D-5ABB9A652F03}.Release|Any CPU.Build.0 = Release|Any CPU
		{6B793605-B164-480A-829F-DC7CD1C613BD}.Debug|Any CPU.ActiveCfg = Debug|Any CPU
		{6B793605-B164-480A-829F-DC7CD1C613BD}.Debug|Any CPU.Build.0 = Debug|Any CPU
		{6B793605-B164-480A-829F-DC7CD1C613BD}.Release|Any CPU.ActiveCfg = Release|Any CPU
		{6B793605-B164-480A-829F-DC7CD1C613BD}.Release|Any CPU.Build.0 = Release|Any CPU
		{A81B8CDE-B04A-4A1F-8938-DEA3E7633F26}.Debug|Any CPU.ActiveCfg = Debug|Any CPU
		{A81B8CDE-B04A-4A1F-8938-DEA3E7633F26}.Debug|Any CPU.Build.0 = Debug|Any CPU
		{A81B8CDE-B04A-4A1F-8938-DEA3E7633F26}.Release|Any CPU.ActiveCfg = Release|Any CPU
		{A81B8CDE-B04A-4A1F-8938-DEA3E7633F26}.Release|Any CPU.Build.0 = Release|Any CPU
		{C2314668-ECFD-4AE2-8784-68B091DCC97F}.Debug|Any CPU.ActiveCfg = Debug|Any CPU
		{C2314668-ECFD-4AE2-8784-68B091DCC97F}.Debug|Any CPU.Build.0 = Debug|Any CPU
		{C2314668-ECFD-4AE2-8784-68B091DCC97F}.Release|Any CPU.ActiveCfg = Release|Any CPU
		{C2314668-ECFD-4AE2-8784-68B091DCC97F}.Release|Any CPU.Build.0 = Release|Any CPU
		{911CB182-7F85-4029-B562-98B3E8D74142}.Debug|Any CPU.ActiveCfg = Debug|Any CPU
		{911CB182-7F85-4029-B562-98B3E8D74142}.Debug|Any CPU.Build.0 = Debug|Any CPU
		{911CB182-7F85-4029-B562-98B3E8D74142}.Release|Any CPU.ActiveCfg = Release|Any CPU
		{911CB182-7F85-4029-B562-98B3E8D74142}.Release|Any CPU.Build.0 = Release|Any CPU
		{3BD65062-6075-4E9F-B9CC-9CCD4B42DBA6}.Debug|Any CPU.ActiveCfg = Debug|Any CPU
		{3BD65062-6075-4E9F-B9CC-9CCD4B42DBA6}.Debug|Any CPU.Build.0 = Debug|Any CPU
		{3BD65062-6075-4E9F-B9CC-9CCD4B42DBA6}.Release|Any CPU.ActiveCfg = Release|Any CPU
		{3BD65062-6075-4E9F-B9CC-9CCD4B42DBA6}.Release|Any CPU.Build.0 = Release|Any CPU
		{7C0C0B98-583C-48A4-A065-4644CFF70051}.Debug|Any CPU.ActiveCfg = Debug|Any CPU
		{7C0C0B98-583C-48A4-A065-4644CFF70051}.Debug|Any CPU.Build.0 = Debug|Any CPU
		{7C0C0B98-583C-48A4-A065-4644CFF70051}.Release|Any CPU.ActiveCfg = Release|Any CPU
		{7C0C0B98-583C-48A4-A065-4644CFF70051}.Release|Any CPU.Build.0 = Release|Any CPU
		{50DE555A-B7AB-4DAF-9A41-AA83DF753A2E}.Debug|Any CPU.ActiveCfg = Debug|Any CPU
		{50DE555A-B7AB-4DAF-9A41-AA83DF753A2E}.Debug|Any CPU.Build.0 = Debug|Any CPU
		{50DE555A-B7AB-4DAF-9A41-AA83DF753A2E}.Release|Any CPU.ActiveCfg = Release|Any CPU
		{50DE555A-B7AB-4DAF-9A41-AA83DF753A2E}.Release|Any CPU.Build.0 = Release|Any CPU
		{A715DF20-B4FE-466F-A3DA-815E801BBC29}.Debug|Any CPU.ActiveCfg = Debug|Any CPU
		{A715DF20-B4FE-466F-A3DA-815E801BBC29}.Debug|Any CPU.Build.0 = Debug|Any CPU
		{A715DF20-B4FE-466F-A3DA-815E801BBC29}.Release|Any CPU.ActiveCfg = Release|Any CPU
		{A715DF20-B4FE-466F-A3DA-815E801BBC29}.Release|Any CPU.Build.0 = Release|Any CPU
		{57E80E77-4083-499D-B1BA-129980C4180E}.Debug|Any CPU.ActiveCfg = Debug|Any CPU
		{57E80E77-4083-499D-B1BA-129980C4180E}.Debug|Any CPU.Build.0 = Debug|Any CPU
		{57E80E77-4083-499D-B1BA-129980C4180E}.Release|Any CPU.ActiveCfg = Release|Any CPU
		{57E80E77-4083-499D-B1BA-129980C4180E}.Release|Any CPU.Build.0 = Release|Any CPU
		{EDBA52B6-B6A9-4AFE-8538-C3A906B29EC6}.Debug|Any CPU.ActiveCfg = Debug|Any CPU
		{EDBA52B6-B6A9-4AFE-8538-C3A906B29EC6}.Debug|Any CPU.Build.0 = Debug|Any CPU
		{EDBA52B6-B6A9-4AFE-8538-C3A906B29EC6}.Release|Any CPU.ActiveCfg = Release|Any CPU
		{EDBA52B6-B6A9-4AFE-8538-C3A906B29EC6}.Release|Any CPU.Build.0 = Release|Any CPU
		{9853A7CF-B2D6-4528-BD7D-051E58177BFB}.Debug|Any CPU.ActiveCfg = Debug|Any CPU
		{9853A7CF-B2D6-4528-BD7D-051E58177BFB}.Debug|Any CPU.Build.0 = Debug|Any CPU
		{9853A7CF-B2D6-4528-BD7D-051E58177BFB}.Release|Any CPU.ActiveCfg = Release|Any CPU
		{9853A7CF-B2D6-4528-BD7D-051E58177BFB}.Release|Any CPU.Build.0 = Release|Any CPU
		{566C8B98-12D1-45F4-B706-1DB2D7E5E400}.Debug|Any CPU.ActiveCfg = Debug|Any CPU
		{566C8B98-12D1-45F4-B706-1DB2D7E5E400}.Debug|Any CPU.Build.0 = Debug|Any CPU
		{566C8B98-12D1-45F4-B706-1DB2D7E5E400}.Release|Any CPU.ActiveCfg = Release|Any CPU
		{566C8B98-12D1-45F4-B706-1DB2D7E5E400}.Release|Any CPU.Build.0 = Release|Any CPU
	EndGlobalSection
	GlobalSection(SolutionProperties) = preSolution
		HideSolutionNode = FALSE
	EndGlobalSection
	GlobalSection(ExtensibilityGlobals) = postSolution
		SolutionGuid = {675386CD-40E8-46F1-94A9-2CF62E8080E3}
	EndGlobalSection
	GlobalSection(NestedProjects) = preSolution
		{8C8E95E2-E96E-4336-BB8A-A5605580E75F} = {3D1F3229-6080-44F7-BE89-F2F83A275080}
	EndGlobalSection
EndGlobal
