
Microsoft Visual Studio Solution File, Format Version 12.00
# Visual Studio Version 17
VisualStudioVersion = 17.0.31903.59
MinimumVisualStudioVersion = 10.0.40219.1
Project("{FAE04EC0-301F-11D3-BF4B-00C04F79EFBC}") = "Frank.GameEngine.Tests", "Frank.GameEngine.Tests\Frank.GameEngine.Tests.csproj", "{B9BA5386-8E54-4454-A333-CD3D1F90E3CC}"
EndProject
Project("{FAE04EC0-301F-11D3-BF4B-00C04F79EFBC}") = "Frank.GameEngine.Tests.Benchmarks", "Frank.GameEngine.Tests.Benchmarks\Frank.GameEngine.Tests.Benchmarks.csproj", "{343CA372-D72C-4ABD-B186-E68FE6D19A66}"
EndProject
Project("{FAE04EC0-301F-11D3-BF4B-00C04F79EFBC}") = "Frank.GameEngine.Tests.Application", "Frank.GameEngine.Tests.Application\Frank.GameEngine.Tests.Application.csproj", "{10FD80BB-4C9A-420A-A9C4-642D421A06B0}"
EndProject
Project("{FAE04EC0-301F-11D3-BF4B-00C04F79EFBC}") = "Frank.GameEngine.Primitives", "Frank.GameEngine.Primitives\Frank.GameEngine.Primitives.csproj", "{E3D787C7-3288-49C5-88BF-45871700F140}"
EndProject
Project("{FAE04EC0-301F-11D3-BF4B-00C04F79EFBC}") = "Frank.GameEngine.Input", "Frank.GameEngine.Input\Frank.GameEngine.Input.csproj", "{B99DA4FC-0001-4C46-A697-8A83E71F3110}"
EndProject
Project("{FAE04EC0-301F-11D3-BF4B-00C04F79EFBC}") = "Frank.GameEngine.Rendering", "Frank.GameEngine.Rendering\Frank.GameEngine.Rendering.csproj", "{DEB8E8A1-F440-43DA-B9CD-EFFDC303E8CC}"
EndProject
Project("{FAE04EC0-301F-11D3-BF4B-00C04F79EFBC}") = "Frank.GameEngine.Physics", "Frank.GameEngine.Physics\Frank.GameEngine.Physics.csproj", "{9EE084CA-030C-4A05-984D-197E2B7BB5E4}"
EndProject
Project("{FAE04EC0-301F-11D3-BF4B-00C04F79EFBC}") = "Frank.GameEngine.Core", "Frank.GameEngine.Core\Frank.GameEngine.Core.csproj", "{9CB8C2CB-2715-41B2-B074-F769B65A3878}"
EndProject
Project("{FAE04EC0-301F-11D3-BF4B-00C04F79EFBC}") = "Frank.GameEngine.Assets", "Frank.GameEngine.Assets\Frank.GameEngine.Assets.csproj", "{F581C53B-0CD5-4DA4-9F6F-3A2537E7CCB8}"
EndProject
Project("{FAE04EC0-301F-11D3-BF4B-00C04F79EFBC}") = "Frank.GameEngine.Rendering.MonoGame", "Frank.GameEngine.Rendering.MonoGame\Frank.GameEngine.Rendering.MonoGame.csproj", "{FC2B2AE1-4565-4A34-9606-C26B82B708C9}"
EndProject
Global
	GlobalSection(SolutionConfigurationPlatforms) = preSolution
		Debug|Any CPU = Debug|Any CPU
		Release|Any CPU = Release|Any CPU
	EndGlobalSection
	GlobalSection(ProjectConfigurationPlatforms) = postSolution
		{B9BA5386-8E54-4454-A333-CD3D1F90E3CC}.Debug|Any CPU.ActiveCfg = Debug|Any CPU
		{B9BA5386-8E54-4454-A333-CD3D1F90E3CC}.Debug|Any CPU.Build.0 = Debug|Any CPU
		{B9BA5386-8E54-4454-A333-CD3D1F90E3CC}.Release|Any CPU.ActiveCfg = Release|Any CPU
		{B9BA5386-8E54-4454-A333-CD3D1F90E3CC}.Release|Any CPU.Build.0 = Release|Any CPU
		{343CA372-D72C-4ABD-B186-E68FE6D19A66}.Debug|Any CPU.ActiveCfg = Debug|Any CPU
		{343CA372-D72C-4ABD-B186-E68FE6D19A66}.Debug|Any CPU.Build.0 = Debug|Any CPU
		{343CA372-D72C-4ABD-B186-E68FE6D19A66}.Release|Any CPU.ActiveCfg = Release|Any CPU
		{343CA372-D72C-4ABD-B186-E68FE6D19A66}.Release|Any CPU.Build.0 = Release|Any CPU
		{10FD80BB-4C9A-420A-A9C4-642D421A06B0}.Debug|Any CPU.ActiveCfg = Debug|Any CPU
		{10FD80BB-4C9A-420A-A9C4-642D421A06B0}.Debug|Any CPU.Build.0 = Debug|Any CPU
		{10FD80BB-4C9A-420A-A9C4-642D421A06B0}.Release|Any CPU.ActiveCfg = Release|Any CPU
		{10FD80BB-4C9A-420A-A9C4-642D421A06B0}.Release|Any CPU.Build.0 = Release|Any CPU
		{E3D787C7-3288-49C5-88BF-45871700F140}.Debug|Any CPU.ActiveCfg = Debug|Any CPU
		{E3D787C7-3288-49C5-88BF-45871700F140}.Debug|Any CPU.Build.0 = Debug|Any CPU
		{E3D787C7-3288-49C5-88BF-45871700F140}.Release|Any CPU.ActiveCfg = Release|Any CPU
		{E3D787C7-3288-49C5-88BF-45871700F140}.Release|Any CPU.Build.0 = Release|Any CPU
		{B99DA4FC-0001-4C46-A697-8A83E71F3110}.Debug|Any CPU.ActiveCfg = Debug|Any CPU
		{B99DA4FC-0001-4C46-A697-8A83E71F3110}.Debug|Any CPU.Build.0 = Debug|Any CPU
		{B99DA4FC-0001-4C46-A697-8A83E71F3110}.Release|Any CPU.ActiveCfg = Release|Any CPU
		{B99DA4FC-0001-4C46-A697-8A83E71F3110}.Release|Any CPU.Build.0 = Release|Any CPU
		{DEB8E8A1-F440-43DA-B9CD-EFFDC303E8CC}.Debug|Any CPU.ActiveCfg = Debug|Any CPU
		{DEB8E8A1-F440-43DA-B9CD-EFFDC303E8CC}.Debug|Any CPU.Build.0 = Debug|Any CPU
		{DEB8E8A1-F440-43DA-B9CD-EFFDC303E8CC}.Release|Any CPU.ActiveCfg = Release|Any CPU
		{DEB8E8A1-F440-43DA-B9CD-EFFDC303E8CC}.Release|Any CPU.Build.0 = Release|Any CPU
		{9EE084CA-030C-4A05-984D-197E2B7BB5E4}.Debug|Any CPU.ActiveCfg = Debug|Any CPU
		{9EE084CA-030C-4A05-984D-197E2B7BB5E4}.Debug|Any CPU.Build.0 = Debug|Any CPU
		{9EE084CA-030C-4A05-984D-197E2B7BB5E4}.Release|Any CPU.ActiveCfg = Release|Any CPU
		{9EE084CA-030C-4A05-984D-197E2B7BB5E4}.Release|Any CPU.Build.0 = Release|Any CPU
		{9CB8C2CB-2715-41B2-B074-F769B65A3878}.Debug|Any CPU.ActiveCfg = Debug|Any CPU
		{9CB8C2CB-2715-41B2-B074-F769B65A3878}.Debug|Any CPU.Build.0 = Debug|Any CPU
		{9CB8C2CB-2715-41B2-B074-F769B65A3878}.Release|Any CPU.ActiveCfg = Release|Any CPU
		{9CB8C2CB-2715-41B2-B074-F769B65A3878}.Release|Any CPU.Build.0 = Release|Any CPU
		{F581C53B-0CD5-4DA4-9F6F-3A2537E7CCB8}.Debug|Any CPU.ActiveCfg = Debug|Any CPU
		{F581C53B-0CD5-4DA4-9F6F-3A2537E7CCB8}.Debug|Any CPU.Build.0 = Debug|Any CPU
		{F581C53B-0CD5-4DA4-9F6F-3A2537E7CCB8}.Release|Any CPU.ActiveCfg = Release|Any CPU
		{F581C53B-0CD5-4DA4-9F6F-3A2537E7CCB8}.Release|Any CPU.Build.0 = Release|Any CPU
		{FC2B2AE1-4565-4A34-9606-C26B82B708C9}.Debug|Any CPU.ActiveCfg = Debug|Any CPU
		{FC2B2AE1-4565-4A34-9606-C26B82B708C9}.Debug|Any CPU.Build.0 = Debug|Any CPU
		{FC2B2AE1-4565-4A34-9606-C26B82B708C9}.Release|Any CPU.ActiveCfg = Release|Any CPU
		{FC2B2AE1-4565-4A34-9606-C26B82B708C9}.Release|Any CPU.Build.0 = Release|Any CPU
	EndGlobalSection
	GlobalSection(SolutionProperties) = preSolution
		HideSolutionNode = FALSE
	EndGlobalSection
	GlobalSection(ExtensibilityGlobals) = postSolution
		SolutionGuid = {675386CD-40E8-46F1-94A9-2CF62E8080E3}
	EndGlobalSection
EndGlobal
